// !$*UTF8*$!
{
	archiveVersion = 1;
	classes = {
	};
	objectVersion = 46;
	objects = {

/* Begin PBXBuildFile section */
		BA5C921A1AF0265100AEBA91 /* AppDelegate.swift in Sources */ = {isa = PBXBuildFile; fileRef = BA5C92191AF0265100AEBA91 /* AppDelegate.swift */; };
		BA5C921C1AF0265100AEBA91 /* ViewController.swift in Sources */ = {isa = PBXBuildFile; fileRef = BA5C921B1AF0265100AEBA91 /* ViewController.swift */; };
		BA5C921F1AF0265100AEBA91 /* Main.storyboard in Resources */ = {isa = PBXBuildFile; fileRef = BA5C921D1AF0265100AEBA91 /* Main.storyboard */; };
		BA5C92211AF0265100AEBA91 /* Images.xcassets in Resources */ = {isa = PBXBuildFile; fileRef = BA5C92201AF0265100AEBA91 /* Images.xcassets */; };
		BA5C92241AF0265100AEBA91 /* LaunchScreen.xib in Resources */ = {isa = PBXBuildFile; fileRef = BA5C92221AF0265100AEBA91 /* LaunchScreen.xib */; };
		BA5C92301AF0265100AEBA91 /* PlayThatSongTests.swift in Sources */ = {isa = PBXBuildFile; fileRef = BA5C922F1AF0265100AEBA91 /* PlayThatSongTests.swift */; };
		BA5C92431AF0266500AEBA91 /* InterfaceController.swift in Sources */ = {isa = PBXBuildFile; fileRef = BA5C92421AF0266500AEBA91 /* InterfaceController.swift */; };
		BA5C92451AF0266500AEBA91 /* NotificationController.swift in Sources */ = {isa = PBXBuildFile; fileRef = BA5C92441AF0266500AEBA91 /* NotificationController.swift */; };
		BA5C92471AF0266500AEBA91 /* Images.xcassets in Resources */ = {isa = PBXBuildFile; fileRef = BA5C92461AF0266500AEBA91 /* Images.xcassets */; };
		BA5C924B1AF0266600AEBA91 /* PlayThatSong WatchKit App.app in Resources */ = {isa = PBXBuildFile; fileRef = BA5C924A1AF0266600AEBA91 /* PlayThatSong WatchKit App.app */; };
		BA5C92531AF0266600AEBA91 /* Interface.storyboard in Resources */ = {isa = PBXBuildFile; fileRef = BA5C92511AF0266600AEBA91 /* Interface.storyboard */; };
		BA5C92551AF0266600AEBA91 /* Images.xcassets in Resources */ = {isa = PBXBuildFile; fileRef = BA5C92541AF0266600AEBA91 /* Images.xcassets */; };
		BA5C92581AF0266600AEBA91 /* PlayThatSong WatchKit Extension.appex in Embed App Extensions */ = {isa = PBXBuildFile; fileRef = BA5C923D1AF0266500AEBA91 /* PlayThatSong WatchKit Extension.appex */; settings = {ATTRIBUTES = (RemoveHeadersOnCopy, ); }; };
		BA5C92631AF029A300AEBA91 /* Destiny (Fresh Direct's Chillstep Re.mp3 in Resources */ = {isa = PBXBuildFile; fileRef = BA5C92601AF029A300AEBA91 /* Destiny (Fresh Direct's Chillstep Re.mp3 */; };
		BA5C92641AF029A300AEBA91 /* Nhumo_En mi Nube.mp3 in Resources */ = {isa = PBXBuildFile; fileRef = BA5C92611AF029A300AEBA91 /* Nhumo_En mi Nube.mp3 */; };
		BA5C92651AF029A300AEBA91 /* Nhumo_Weeping Willow.mp3 in Resources */ = {isa = PBXBuildFile; fileRef = BA5C92621AF029A300AEBA91 /* Nhumo_Weeping Willow.mp3 */; };
		BA5C92671AF029FB00AEBA91 /* AVFoundation.framework in Frameworks */ = {isa = PBXBuildFile; fileRef = BA5C92661AF029FB00AEBA91 /* AVFoundation.framework */; };
		BA5C92691AF0453700AEBA91 /* WatchKitInfo.swift in Sources */ = {isa = PBXBuildFile; fileRef = BA5C92681AF0453700AEBA91 /* WatchKitInfo.swift */; };
/* End PBXBuildFile section */

/* Begin PBXContainerItemProxy section */
		BA5C922A1AF0265100AEBA91 /* PBXContainerItemProxy */ = {
			isa = PBXContainerItemProxy;
			containerPortal = BA5C920C1AF0265100AEBA91 /* Project object */;
			proxyType = 1;
			remoteGlobalIDString = BA5C92131AF0265100AEBA91;
			remoteInfo = PlayThatSong;
		};
		BA5C924C1AF0266600AEBA91 /* PBXContainerItemProxy */ = {
			isa = PBXContainerItemProxy;
			containerPortal = BA5C920C1AF0265100AEBA91 /* Project object */;
			proxyType = 1;
			remoteGlobalIDString = BA5C92491AF0266600AEBA91;
			remoteInfo = "PlayThatSong WatchKit App";
		};
		BA5C92561AF0266600AEBA91 /* PBXContainerItemProxy */ = {
			isa = PBXContainerItemProxy;
			containerPortal = BA5C920C1AF0265100AEBA91 /* Project object */;
			proxyType = 1;
			remoteGlobalIDString = BA5C923C1AF0266500AEBA91;
			remoteInfo = "PlayThatSong WatchKit Extension";
		};
/* End PBXContainerItemProxy section */

/* Begin PBXCopyFilesBuildPhase section */
		BA5C925F1AF0266600AEBA91 /* Embed App Extensions */ = {
			isa = PBXCopyFilesBuildPhase;
			buildActionMask = 2147483647;
			dstPath = "";
			dstSubfolderSpec = 13;
			files = (
				BA5C92581AF0266600AEBA91 /* PlayThatSong WatchKit Extension.appex in Embed App Extensions */,
			);
			name = "Embed App Extensions";
			runOnlyForDeploymentPostprocessing = 0;
		};
/* End PBXCopyFilesBuildPhase section */

/* Begin PBXFileReference section */
		BA5C92141AF0265100AEBA91 /* PlayThatSong.app */ = {isa = PBXFileReference; explicitFileType = wrapper.application; includeInIndex = 0; path = PlayThatSong.app; sourceTree = BUILT_PRODUCTS_DIR; };
		BA5C92181AF0265100AEBA91 /* Info.plist */ = {isa = PBXFileReference; lastKnownFileType = text.plist.xml; path = Info.plist; sourceTree = "<group>"; };
		BA5C92191AF0265100AEBA91 /* AppDelegate.swift */ = {isa = PBXFileReference; lastKnownFileType = sourcecode.swift; path = AppDelegate.swift; sourceTree = "<group>"; };
		BA5C921B1AF0265100AEBA91 /* ViewController.swift */ = {isa = PBXFileReference; lastKnownFileType = sourcecode.swift; path = ViewController.swift; sourceTree = "<group>"; };
		BA5C921E1AF0265100AEBA91 /* Base */ = {isa = PBXFileReference; lastKnownFileType = file.storyboard; name = Base; path = Base.lproj/Main.storyboard; sourceTree = "<group>"; };
		BA5C92201AF0265100AEBA91 /* Images.xcassets */ = {isa = PBXFileReference; lastKnownFileType = folder.assetcatalog; path = Images.xcassets; sourceTree = "<group>"; };
		BA5C92231AF0265100AEBA91 /* Base */ = {isa = PBXFileReference; lastKnownFileType = file.xib; name = Base; path = Base.lproj/LaunchScreen.xib; sourceTree = "<group>"; };
		BA5C92291AF0265100AEBA91 /* PlayThatSongTests.xctest */ = {isa = PBXFileReference; explicitFileType = wrapper.cfbundle; includeInIndex = 0; path = PlayThatSongTests.xctest; sourceTree = BUILT_PRODUCTS_DIR; };
		BA5C922E1AF0265100AEBA91 /* Info.plist */ = {isa = PBXFileReference; lastKnownFileType = text.plist.xml; path = Info.plist; sourceTree = "<group>"; };
		BA5C922F1AF0265100AEBA91 /* PlayThatSongTests.swift */ = {isa = PBXFileReference; lastKnownFileType = sourcecode.swift; path = PlayThatSongTests.swift; sourceTree = "<group>"; };
		BA5C923D1AF0266500AEBA91 /* PlayThatSong WatchKit Extension.appex */ = {isa = PBXFileReference; explicitFileType = "wrapper.app-extension"; includeInIndex = 0; path = "PlayThatSong WatchKit Extension.appex"; sourceTree = BUILT_PRODUCTS_DIR; };
		BA5C92401AF0266500AEBA91 /* Info.plist */ = {isa = PBXFileReference; lastKnownFileType = text.plist.xml; path = Info.plist; sourceTree = "<group>"; };
		BA5C92411AF0266500AEBA91 /* PushNotificationPayload.apns */ = {isa = PBXFileReference; lastKnownFileType = text; path = PushNotificationPayload.apns; sourceTree = "<group>"; };
		BA5C92421AF0266500AEBA91 /* InterfaceController.swift */ = {isa = PBXFileReference; lastKnownFileType = sourcecode.swift; path = InterfaceController.swift; sourceTree = "<group>"; };
		BA5C92441AF0266500AEBA91 /* NotificationController.swift */ = {isa = PBXFileReference; lastKnownFileType = sourcecode.swift; path = NotificationController.swift; sourceTree = "<group>"; };
		BA5C92461AF0266500AEBA91 /* Images.xcassets */ = {isa = PBXFileReference; lastKnownFileType = folder.assetcatalog; path = Images.xcassets; sourceTree = "<group>"; };
		BA5C924A1AF0266600AEBA91 /* PlayThatSong WatchKit App.app */ = {isa = PBXFileReference; explicitFileType = wrapper.application; includeInIndex = 0; path = "PlayThatSong WatchKit App.app"; sourceTree = BUILT_PRODUCTS_DIR; };
		BA5C92501AF0266600AEBA91 /* Info.plist */ = {isa = PBXFileReference; lastKnownFileType = text.plist.xml; path = Info.plist; sourceTree = "<group>"; };
		BA5C92521AF0266600AEBA91 /* Base */ = {isa = PBXFileReference; lastKnownFileType = file.storyboard; name = Base; path = Base.lproj/Interface.storyboard; sourceTree = "<group>"; };
		BA5C92541AF0266600AEBA91 /* Images.xcassets */ = {isa = PBXFileReference; lastKnownFileType = folder.assetcatalog; path = Images.xcassets; sourceTree = "<group>"; };
		BA5C92601AF029A300AEBA91 /* Destiny (Fresh Direct's Chillstep Re.mp3 */ = {isa = PBXFileReference; lastKnownFileType = audio.mp3; path = "Destiny (Fresh Direct's Chillstep Re.mp3"; sourceTree = "<group>"; };
		BA5C92611AF029A300AEBA91 /* Nhumo_En mi Nube.mp3 */ = {isa = PBXFileReference; lastKnownFileType = audio.mp3; path = "Nhumo_En mi Nube.mp3"; sourceTree = "<group>"; };
		BA5C92621AF029A300AEBA91 /* Nhumo_Weeping Willow.mp3 */ = {isa = PBXFileReference; lastKnownFileType = audio.mp3; path = "Nhumo_Weeping Willow.mp3"; sourceTree = "<group>"; };
		BA5C92661AF029FB00AEBA91 /* AVFoundation.framework */ = {isa = PBXFileReference; lastKnownFileType = wrapper.framework; name = AVFoundation.framework; path = System/Library/Frameworks/AVFoundation.framework; sourceTree = SDKROOT; };
		BA5C92681AF0453700AEBA91 /* WatchKitInfo.swift */ = {isa = PBXFileReference; fileEncoding = 4; lastKnownFileType = sourcecode.swift; path = WatchKitInfo.swift; sourceTree = "<group>"; };
/* End PBXFileReference section */

/* Begin PBXFrameworksBuildPhase section */
		BA5C92111AF0265100AEBA91 /* Frameworks */ = {
			isa = PBXFrameworksBuildPhase;
			buildActionMask = 2147483647;
			files = (
				BA5C92671AF029FB00AEBA91 /* AVFoundation.framework in Frameworks */,
			);
			runOnlyForDeploymentPostprocessing = 0;
		};
		BA5C92261AF0265100AEBA91 /* Frameworks */ = {
			isa = PBXFrameworksBuildPhase;
			buildActionMask = 2147483647;
			files = (
			);
			runOnlyForDeploymentPostprocessing = 0;
		};
		BA5C923A1AF0266500AEBA91 /* Frameworks */ = {
			isa = PBXFrameworksBuildPhase;
			buildActionMask = 2147483647;
			files = (
			);
			runOnlyForDeploymentPostprocessing = 0;
		};
/* End PBXFrameworksBuildPhase section */

/* Begin PBXGroup section */
		BA5C920B1AF0265100AEBA91 = {
			isa = PBXGroup;
			children = (
				BA5C92161AF0265100AEBA91 /* PlayThatSong */,
				BA5C922C1AF0265100AEBA91 /* PlayThatSongTests */,
				BA5C923E1AF0266500AEBA91 /* PlayThatSong WatchKit Extension */,
				BA5C924E1AF0266600AEBA91 /* PlayThatSong WatchKit App */,
				BA5C92151AF0265100AEBA91 /* Products */,
			);
			sourceTree = "<group>";
		};
		BA5C92151AF0265100AEBA91 /* Products */ = {
			isa = PBXGroup;
			children = (
				BA5C92141AF0265100AEBA91 /* PlayThatSong.app */,
				BA5C92291AF0265100AEBA91 /* PlayThatSongTests.xctest */,
				BA5C923D1AF0266500AEBA91 /* PlayThatSong WatchKit Extension.appex */,
				BA5C924A1AF0266600AEBA91 /* PlayThatSong WatchKit App.app */,
			);
			name = Products;
			sourceTree = "<group>";
		};
		BA5C92161AF0265100AEBA91 /* PlayThatSong */ = {
			isa = PBXGroup;
			children = (
				BA5C92191AF0265100AEBA91 /* AppDelegate.swift */,
				BA5C921B1AF0265100AEBA91 /* ViewController.swift */,
				BA5C92681AF0453700AEBA91 /* WatchKitInfo.swift */,
				BA5C921D1AF0265100AEBA91 /* Main.storyboard */,
				BA5C92201AF0265100AEBA91 /* Images.xcassets */,
				BA5C92221AF0265100AEBA91 /* LaunchScreen.xib */,
				BA5C92171AF0265100AEBA91 /* Supporting Files */,
			);
			path = PlayThatSong;
			sourceTree = "<group>";
		};
		BA5C92171AF0265100AEBA91 /* Supporting Files */ = {
			isa = PBXGroup;
			children = (
				BA5C92661AF029FB00AEBA91 /* AVFoundation.framework */,
				BA5C92601AF029A300AEBA91 /* Destiny (Fresh Direct's Chillstep Re.mp3 */,
				BA5C92611AF029A300AEBA91 /* Nhumo_En mi Nube.mp3 */,
				BA5C92621AF029A300AEBA91 /* Nhumo_Weeping Willow.mp3 */,
				BA5C92181AF0265100AEBA91 /* Info.plist */,
			);
			name = "Supporting Files";
			sourceTree = "<group>";
		};
		BA5C922C1AF0265100AEBA91 /* PlayThatSongTests */ = {
			isa = PBXGroup;
			children = (
				BA5C922F1AF0265100AEBA91 /* PlayThatSongTests.swift */,
				BA5C922D1AF0265100AEBA91 /* Supporting Files */,
			);
			path = PlayThatSongTests;
			sourceTree = "<group>";
		};
		BA5C922D1AF0265100AEBA91 /* Supporting Files */ = {
			isa = PBXGroup;
			children = (
				BA5C922E1AF0265100AEBA91 /* Info.plist */,
			);
			name = "Supporting Files";
			sourceTree = "<group>";
		};
		BA5C923E1AF0266500AEBA91 /* PlayThatSong WatchKit Extension */ = {
			isa = PBXGroup;
			children = (
				BA5C92421AF0266500AEBA91 /* InterfaceController.swift */,
				BA5C92441AF0266500AEBA91 /* NotificationController.swift */,
				BA5C92461AF0266500AEBA91 /* Images.xcassets */,
				BA5C923F1AF0266500AEBA91 /* Supporting Files */,
			);
			path = "PlayThatSong WatchKit Extension";
			sourceTree = "<group>";
		};
		BA5C923F1AF0266500AEBA91 /* Supporting Files */ = {
			isa = PBXGroup;
			children = (
				BA5C92401AF0266500AEBA91 /* Info.plist */,
				BA5C92411AF0266500AEBA91 /* PushNotificationPayload.apns */,
			);
			name = "Supporting Files";
			sourceTree = "<group>";
		};
		BA5C924E1AF0266600AEBA91 /* PlayThatSong WatchKit App */ = {
			isa = PBXGroup;
			children = (
				BA5C92511AF0266600AEBA91 /* Interface.storyboard */,
				BA5C92541AF0266600AEBA91 /* Images.xcassets */,
				BA5C924F1AF0266600AEBA91 /* Supporting Files */,
			);
			path = "PlayThatSong WatchKit App";
			sourceTree = "<group>";
		};
		BA5C924F1AF0266600AEBA91 /* Supporting Files */ = {
			isa = PBXGroup;
			children = (
				BA5C92501AF0266600AEBA91 /* Info.plist */,
			);
			name = "Supporting Files";
			sourceTree = "<group>";
		};
/* End PBXGroup section */

/* Begin PBXNativeTarget section */
		BA5C92131AF0265100AEBA91 /* PlayThatSong */ = {
			isa = PBXNativeTarget;
			buildConfigurationList = BA5C92331AF0265100AEBA91 /* Build configuration list for PBXNativeTarget "PlayThatSong" */;
			buildPhases = (
				BA5C92101AF0265100AEBA91 /* Sources */,
				BA5C92111AF0265100AEBA91 /* Frameworks */,
				BA5C92121AF0265100AEBA91 /* Resources */,
				BA5C925F1AF0266600AEBA91 /* Embed App Extensions */,
			);
			buildRules = (
			);
			dependencies = (
				BA5C92571AF0266600AEBA91 /* PBXTargetDependency */,
			);
			name = PlayThatSong;
			productName = PlayThatSong;
			productReference = BA5C92141AF0265100AEBA91 /* PlayThatSong.app */;
			productType = "com.apple.product-type.application";
		};
		BA5C92281AF0265100AEBA91 /* PlayThatSongTests */ = {
			isa = PBXNativeTarget;
			buildConfigurationList = BA5C92361AF0265100AEBA91 /* Build configuration list for PBXNativeTarget "PlayThatSongTests" */;
			buildPhases = (
				BA5C92251AF0265100AEBA91 /* Sources */,
				BA5C92261AF0265100AEBA91 /* Frameworks */,
				BA5C92271AF0265100AEBA91 /* Resources */,
			);
			buildRules = (
			);
			dependencies = (
				BA5C922B1AF0265100AEBA91 /* PBXTargetDependency */,
			);
			name = PlayThatSongTests;
			productName = PlayThatSongTests;
			productReference = BA5C92291AF0265100AEBA91 /* PlayThatSongTests.xctest */;
			productType = "com.apple.product-type.bundle.unit-test";
		};
		BA5C923C1AF0266500AEBA91 /* PlayThatSong WatchKit Extension */ = {
			isa = PBXNativeTarget;
			buildConfigurationList = BA5C925C1AF0266600AEBA91 /* Build configuration list for PBXNativeTarget "PlayThatSong WatchKit Extension" */;
			buildPhases = (
				BA5C92391AF0266500AEBA91 /* Sources */,
				BA5C923A1AF0266500AEBA91 /* Frameworks */,
				BA5C923B1AF0266500AEBA91 /* Resources */,
			);
			buildRules = (
			);
			dependencies = (
				BA5C924D1AF0266600AEBA91 /* PBXTargetDependency */,
			);
			name = "PlayThatSong WatchKit Extension";
			productName = "PlayThatSong WatchKit Extension";
			productReference = BA5C923D1AF0266500AEBA91 /* PlayThatSong WatchKit Extension.appex */;
			productType = "com.apple.product-type.watchkit-extension";
		};
		BA5C92491AF0266600AEBA91 /* PlayThatSong WatchKit App */ = {
			isa = PBXNativeTarget;
			buildConfigurationList = BA5C92591AF0266600AEBA91 /* Build configuration list for PBXNativeTarget "PlayThatSong WatchKit App" */;
			buildPhases = (
				BA5C92481AF0266600AEBA91 /* Resources */,
			);
			buildRules = (
			);
			dependencies = (
			);
			name = "PlayThatSong WatchKit App";
			productName = "PlayThatSong WatchKit App";
			productReference = BA5C924A1AF0266600AEBA91 /* PlayThatSong WatchKit App.app */;
			productType = "com.apple.product-type.application.watchapp";
		};
/* End PBXNativeTarget section */

/* Begin PBXProject section */
		BA5C920C1AF0265100AEBA91 /* Project object */ = {
			isa = PBXProject;
			attributes = {
				LastUpgradeCheck = 0630;
				ORGANIZATIONNAME = "Carnaby Labs";
				TargetAttributes = {
					BA5C92131AF0265100AEBA91 = {
						CreatedOnToolsVersion = 6.3;
					};
					BA5C92281AF0265100AEBA91 = {
						CreatedOnToolsVersion = 6.3;
						TestTargetID = BA5C92131AF0265100AEBA91;
					};
					BA5C923C1AF0266500AEBA91 = {
						CreatedOnToolsVersion = 6.3;
					};
					BA5C92491AF0266600AEBA91 = {
						CreatedOnToolsVersion = 6.3;
					};
				};
			};
			buildConfigurationList = BA5C920F1AF0265100AEBA91 /* Build configuration list for PBXProject "PlayThatSong" */;
			compatibilityVersion = "Xcode 3.2";
			developmentRegion = English;
			hasScannedForEncodings = 0;
			knownRegions = (
				en,
				Base,
			);
			mainGroup = BA5C920B1AF0265100AEBA91;
			productRefGroup = BA5C92151AF0265100AEBA91 /* Products */;
			projectDirPath = "";
			projectRoot = "";
			targets = (
				BA5C92131AF0265100AEBA91 /* PlayThatSong */,
				BA5C92281AF0265100AEBA91 /* PlayThatSongTests */,
				BA5C923C1AF0266500AEBA91 /* PlayThatSong WatchKit Extension */,
				BA5C92491AF0266600AEBA91 /* PlayThatSong WatchKit App */,
			);
		};
/* End PBXProject section */

/* Begin PBXResourcesBuildPhase section */
		BA5C92121AF0265100AEBA91 /* Resources */ = {
			isa = PBXResourcesBuildPhase;
			buildActionMask = 2147483647;
			files = (
				BA5C92641AF029A300AEBA91 /* Nhumo_En mi Nube.mp3 in Resources */,
				BA5C92651AF029A300AEBA91 /* Nhumo_Weeping Willow.mp3 in Resources */,
				BA5C921F1AF0265100AEBA91 /* Main.storyboard in Resources */,
				BA5C92241AF0265100AEBA91 /* LaunchScreen.xib in Resources */,
				BA5C92631AF029A300AEBA91 /* Destiny (Fresh Direct's Chillstep Re.mp3 in Resources */,
				BA5C92211AF0265100AEBA91 /* Images.xcassets in Resources */,
			);
			runOnlyForDeploymentPostprocessing = 0;
		};
		BA5C92271AF0265100AEBA91 /* Resources */ = {
			isa = PBXResourcesBuildPhase;
			buildActionMask = 2147483647;
			files = (
			);
			runOnlyForDeploymentPostprocessing = 0;
		};
		BA5C923B1AF0266500AEBA91 /* Resources */ = {
			isa = PBXResourcesBuildPhase;
			buildActionMask = 2147483647;
			files = (
				BA5C924B1AF0266600AEBA91 /* PlayThatSong WatchKit App.app in Resources */,
				BA5C92471AF0266500AEBA91 /* Images.xcassets in Resources */,
			);
			runOnlyForDeploymentPostprocessing = 0;
		};
		BA5C92481AF0266600AEBA91 /* Resources */ = {
			isa = PBXResourcesBuildPhase;
			buildActionMask = 2147483647;
			files = (
				BA5C92531AF0266600AEBA91 /* Interface.storyboard in Resources */,
				BA5C92551AF0266600AEBA91 /* Images.xcassets in Resources */,
			);
			runOnlyForDeploymentPostprocessing = 0;
		};
/* End PBXResourcesBuildPhase section */

/* Begin PBXSourcesBuildPhase section */
		BA5C92101AF0265100AEBA91 /* Sources */ = {
			isa = PBXSourcesBuildPhase;
			buildActionMask = 2147483647;
			files = (
				BA5C921C1AF0265100AEBA91 /* ViewController.swift in Sources */,
				BA5C921A1AF0265100AEBA91 /* AppDelegate.swift in Sources */,
				BA5C92691AF0453700AEBA91 /* WatchKitInfo.swift in Sources */,
			);
			runOnlyForDeploymentPostprocessing = 0;
		};
		BA5C92251AF0265100AEBA91 /* Sources */ = {
			isa = PBXSourcesBuildPhase;
			buildActionMask = 2147483647;
			files = (
				BA5C92301AF0265100AEBA91 /* PlayThatSongTests.swift in Sources */,
			);
			runOnlyForDeploymentPostprocessing = 0;
		};
		BA5C92391AF0266500AEBA91 /* Sources */ = {
			isa = PBXSourcesBuildPhase;
			buildActionMask = 2147483647;
			files = (
				BA5C92451AF0266500AEBA91 /* NotificationController.swift in Sources */,
				BA5C92431AF0266500AEBA91 /* InterfaceController.swift in Sources */,
			);
			runOnlyForDeploymentPostprocessing = 0;
		};
/* End PBXSourcesBuildPhase section */

/* Begin PBXTargetDependency section */
		BA5C922B1AF0265100AEBA91 /* PBXTargetDependency */ = {
			isa = PBXTargetDependency;
			target = BA5C92131AF0265100AEBA91 /* PlayThatSong */;
			targetProxy = BA5C922A1AF0265100AEBA91 /* PBXContainerItemProxy */;
		};
		BA5C924D1AF0266600AEBA91 /* PBXTargetDependency */ = {
			isa = PBXTargetDependency;
			target = BA5C92491AF0266600AEBA91 /* PlayThatSong WatchKit App */;
			targetProxy = BA5C924C1AF0266600AEBA91 /* PBXContainerItemProxy */;
		};
		BA5C92571AF0266600AEBA91 /* PBXTargetDependency */ = {
			isa = PBXTargetDependency;
			target = BA5C923C1AF0266500AEBA91 /* PlayThatSong WatchKit Extension */;
			targetProxy = BA5C92561AF0266600AEBA91 /* PBXContainerItemProxy */;
		};
/* End PBXTargetDependency section */

/* Begin PBXVariantGroup section */
		BA5C921D1AF0265100AEBA91 /* Main.storyboard */ = {
			isa = PBXVariantGroup;
			children = (
				BA5C921E1AF0265100AEBA91 /* Base */,
			);
			name = Main.storyboard;
			sourceTree = "<group>";
		};
		BA5C92221AF0265100AEBA91 /* LaunchScreen.xib */ = {
			isa = PBXVariantGroup;
			children = (
				BA5C92231AF0265100AEBA91 /* Base */,
			);
			name = LaunchScreen.xib;
			sourceTree = "<group>";
		};
		BA5C92511AF0266600AEBA91 /* Interface.storyboard */ = {
			isa = PBXVariantGroup;
			children = (
				BA5C92521AF0266600AEBA91 /* Base */,
			);
			name = Interface.storyboard;
			sourceTree = "<group>";
		};
/* End PBXVariantGroup section */

/* Begin XCBuildConfiguration section */
		BA5C92311AF0265100AEBA91 /* Debug */ = {
			isa = XCBuildConfiguration;
			buildSettings = {
				ALWAYS_SEARCH_USER_PATHS = NO;
				CLANG_CXX_LANGUAGE_STANDARD = "gnu++0x";
				CLANG_CXX_LIBRARY = "libc++";
				CLANG_ENABLE_MODULES = YES;
				CLANG_ENABLE_OBJC_ARC = YES;
				CLANG_WARN_BOOL_CONVERSION = YES;
				CLANG_WARN_CONSTANT_CONVERSION = YES;
				CLANG_WARN_DIRECT_OBJC_ISA_USAGE = YES_ERROR;
				CLANG_WARN_EMPTY_BODY = YES;
				CLANG_WARN_ENUM_CONVERSION = YES;
				CLANG_WARN_INT_CONVERSION = YES;
				CLANG_WARN_OBJC_ROOT_CLASS = YES_ERROR;
				CLANG_WARN_UNREACHABLE_CODE = YES;
				CLANG_WARN__DUPLICATE_METHOD_MATCH = YES;
				"CODE_SIGN_IDENTITY[sdk=iphoneos*]" = "iPhone Developer";
				COPY_PHASE_STRIP = NO;
				DEBUG_INFORMATION_FORMAT = dwarf;
				ENABLE_STRICT_OBJC_MSGSEND = YES;
				GCC_C_LANGUAGE_STANDARD = gnu99;
				GCC_DYNAMIC_NO_PIC = NO;
				GCC_NO_COMMON_BLOCKS = YES;
				GCC_OPTIMIZATION_LEVEL = 0;
				GCC_PREPROCESSOR_DEFINITIONS = (
					"DEBUG=1",
					"$(inherited)",
				);
				GCC_SYMBOLS_PRIVATE_EXTERN = NO;
				GCC_WARN_64_TO_32_BIT_CONVERSION = YES;
				GCC_WARN_ABOUT_RETURN_TYPE = YES_ERROR;
				GCC_WARN_UNDECLARED_SELECTOR = YES;
				GCC_WARN_UNINITIALIZED_AUTOS = YES_AGGRESSIVE;
				GCC_WARN_UNUSED_FUNCTION = YES;
				GCC_WARN_UNUSED_VARIABLE = YES;
				IPHONEOS_DEPLOYMENT_TARGET = 8.3;
				MTL_ENABLE_DEBUG_INFO = YES;
				ONLY_ACTIVE_ARCH = YES;
				SDKROOT = iphoneos;
				SWIFT_OPTIMIZATION_LEVEL = "-Onone";
			};
			name = Debug;
		};
		BA5C92321AF0265100AEBA91 /* Release */ = {
			isa = XCBuildConfiguration;
			buildSettings = {
				ALWAYS_SEARCH_USER_PATHS = NO;
				CLANG_CXX_LANGUAGE_STANDARD = "gnu++0x";
				CLANG_CXX_LIBRARY = "libc++";
				CLANG_ENABLE_MODULES = YES;
				CLANG_ENABLE_OBJC_ARC = YES;
				CLANG_WARN_BOOL_CONVERSION = YES;
				CLANG_WARN_CONSTANT_CONVERSION = YES;
				CLANG_WARN_DIRECT_OBJC_ISA_USAGE = YES_ERROR;
				CLANG_WARN_EMPTY_BODY = YES;
				CLANG_WARN_ENUM_CONVERSION = YES;
				CLANG_WARN_INT_CONVERSION = YES;
				CLANG_WARN_OBJC_ROOT_CLASS = YES_ERROR;
				CLANG_WARN_UNREACHABLE_CODE = YES;
				CLANG_WARN__DUPLICATE_METHOD_MATCH = YES;
				"CODE_SIGN_IDENTITY[sdk=iphoneos*]" = "iPhone Developer";
				COPY_PHASE_STRIP = NO;
				DEBUG_INFORMATION_FORMAT = "dwarf-with-dsym";
				ENABLE_NS_ASSERTIONS = NO;
				ENABLE_STRICT_OBJC_MSGSEND = YES;
				GCC_C_LANGUAGE_STANDARD = gnu99;
				GCC_NO_COMMON_BLOCKS = YES;
				GCC_WARN_64_TO_32_BIT_CONVERSION = YES;
				GCC_WARN_ABOUT_RETURN_TYPE = YES_ERROR;
				GCC_WARN_UNDECLARED_SELECTOR = YES;
				GCC_WARN_UNINITIALIZED_AUTOS = YES_AGGRESSIVE;
				GCC_WARN_UNUSED_FUNCTION = YES;
				GCC_WARN_UNUSED_VARIABLE = YES;
				IPHONEOS_DEPLOYMENT_TARGET = 8.3;
				MTL_ENABLE_DEBUG_INFO = NO;
				SDKROOT = iphoneos;
				VALIDATE_PRODUCT = YES;
			};
			name = Release;
		};
		BA5C92341AF0265100AEBA91 /* Debug */ = {
			isa = XCBuildConfiguration;
			buildSettings = {
				ASSETCATALOG_COMPILER_APPICON_NAME = AppIcon;
				EMBEDDED_CONTENT_CONTAINS_SWIFT = YES;
				INFOPLIST_FILE = PlayThatSong/Info.plist;
				LD_RUNPATH_SEARCH_PATHS = "$(inherited) @executable_path/Frameworks";
				PRODUCT_NAME = "$(TARGET_NAME)";
			};
			name = Debug;
		};
		BA5C92351AF0265100AEBA91 /* Release */ = {
			isa = XCBuildConfiguration;
			buildSettings = {
				ASSETCATALOG_COMPILER_APPICON_NAME = AppIcon;
				EMBEDDED_CONTENT_CONTAINS_SWIFT = YES;
				INFOPLIST_FILE = PlayThatSong/Info.plist;
				LD_RUNPATH_SEARCH_PATHS = "$(inherited) @executable_path/Frameworks";
				PRODUCT_NAME = "$(TARGET_NAME)";
			};
			name = Release;
		};
		BA5C92371AF0265100AEBA91 /* Debug */ = {
			isa = XCBuildConfiguration;
			buildSettings = {
				BUNDLE_LOADER = "$(TEST_HOST)";
				FRAMEWORK_SEARCH_PATHS = (
					"$(SDKROOT)/Developer/Library/Frameworks",
					"$(inherited)",
				);
				GCC_PREPROCESSOR_DEFINITIONS = (
					"DEBUG=1",
					"$(inherited)",
				);
				INFOPLIST_FILE = PlayThatSongTests/Info.plist;
				LD_RUNPATH_SEARCH_PATHS = "$(inherited) @executable_path/Frameworks @loader_path/Frameworks";
				PRODUCT_NAME = "$(TARGET_NAME)";
				TEST_HOST = "$(BUILT_PRODUCTS_DIR)/PlayThatSong.app/PlayThatSong";
			};
			name = Debug;
		};
		BA5C92381AF0265100AEBA91 /* Release */ = {
			isa = XCBuildConfiguration;
			buildSettings = {
				BUNDLE_LOADER = "$(TEST_HOST)";
				FRAMEWORK_SEARCH_PATHS = (
					"$(SDKROOT)/Developer/Library/Frameworks",
					"$(inherited)",
				);
				INFOPLIST_FILE = PlayThatSongTests/Info.plist;
				LD_RUNPATH_SEARCH_PATHS = "$(inherited) @executable_path/Frameworks @loader_path/Frameworks";
				PRODUCT_NAME = "$(TARGET_NAME)";
				TEST_HOST = "$(BUILT_PRODUCTS_DIR)/PlayThatSong.app/PlayThatSong";
			};
			name = Release;
		};
		BA5C925A1AF0266600AEBA91 /* Debug */ = {
			isa = XCBuildConfiguration;
			buildSettings = {
				ASSETCATALOG_COMPILER_APPICON_NAME = AppIcon;
				GCC_PREPROCESSOR_DEFINITIONS = (
					"DEBUG=1",
					"$(inherited)",
				);
				IBSC_MODULE = PlayThatSong_WatchKit_Extension;
				INFOPLIST_FILE = "PlayThatSong WatchKit App/Info.plist";
				PRODUCT_NAME = "$(TARGET_NAME)";
				SKIP_INSTALL = YES;
				TARGETED_DEVICE_FAMILY = 4;
				"TARGETED_DEVICE_FAMILY[sdk=iphonesimulator*]" = "1,4";
			};
			name = Debug;
		};
		BA5C925B1AF0266600AEBA91 /* Release */ = {
			isa = XCBuildConfiguration;
			buildSettings = {
				ASSETCATALOG_COMPILER_APPICON_NAME = AppIcon;
				IBSC_MODULE = PlayThatSong_WatchKit_Extension;
				INFOPLIST_FILE = "PlayThatSong WatchKit App/Info.plist";
				PRODUCT_NAME = "$(TARGET_NAME)";
				SKIP_INSTALL = YES;
				TARGETED_DEVICE_FAMILY = 4;
				"TARGETED_DEVICE_FAMILY[sdk=iphonesimulator*]" = "1,4";
			};
			name = Release;
		};
		BA5C925D1AF0266600AEBA91 /* Debug */ = {
			isa = XCBuildConfiguration;
			buildSettings = {
				GCC_PREPROCESSOR_DEFINITIONS = (
					"DEBUG=1",
					"$(inherited)",
				);
				INFOPLIST_FILE = "PlayThatSong WatchKit Extension/Info.plist";
				LD_RUNPATH_SEARCH_PATHS = "$(inherited) @executable_path/Frameworks @executable_path/../../Frameworks";
				PRODUCT_NAME = "${TARGET_NAME}";
				SKIP_INSTALL = YES;
			};
			name = Debug;
		};
		BA5C925E1AF0266600AEBA91 /* Release */ = {
			isa = XCBuildConfiguration;
			buildSettings = {
				INFOPLIST_FILE = "PlayThatSong WatchKit Extension/Info.plist";
				LD_RUNPATH_SEARCH_PATHS = "$(inherited) @executable_path/Frameworks @executable_path/../../Frameworks";
				PRODUCT_NAME = "${TARGET_NAME}";
				SKIP_INSTALL = YES;
			};
			name = Release;
		};
/* End XCBuildConfiguration section */

/* Begin XCConfigurationList section */
		BA5C920F1AF0265100AEBA91 /* Build configuration list for PBXProject "PlayThatSong" */ = {
			isa = XCConfigurationList;
			buildConfigurations = (
				BA5C92311AF0265100AEBA91 /* Debug */,
				BA5C92321AF0265100AEBA91 /* Release */,
			);
			defaultConfigurationIsVisible = 0;
			defaultConfigurationName = Release;
		};
		BA5C92331AF0265100AEBA91 /* Build configuration list for PBXNativeTarget "PlayThatSong" */ = {
			isa = XCConfigurationList;
			buildConfigurations = (
				BA5C92341AF0265100AEBA91 /* Debug */,
				BA5C92351AF0265100AEBA91 /* Release */,
			);
			defaultConfigurationIsVisible = 0;
		};
		BA5C92361AF0265100AEBA91 /* Build configuration list for PBXNativeTarget "PlayThatSongTests" */ = {
			isa = XCConfigurationList;
			buildConfigurations = (
				BA5C92371AF0265100AEBA91 /* Debug */,
				BA5C92381AF0265100AEBA91 /* Release */,
			);
			defaultConfigurationIsVisible = 0;
		};
		BA5C92591AF0266600AEBA91 /* Build configuration list for PBXNativeTarget "PlayThatSong WatchKit App" */ = {
			isa = XCConfigurationList;
			buildConfigurations = (
				BA5C925A1AF0266600AEBA91 /* Debug */,
				BA5C925B1AF0266600AEBA91 /* Release */,
			);
			defaultConfigurationIsVisible = 0;
		};
		BA5C925C1AF0266600AEBA91 /* Build configuration list for PBXNativeTarget "PlayThatSong WatchKit Extension" */ = {
			isa = XCConfigurationList;
			buildConfigurations = (
				BA5C925D1AF0266600AEBA91 /* Debug */,
				BA5C925E1AF0266600AEBA91 /* Release */,
			);
			defaultConfigurationIsVisible = 0;
		};
/* End XCConfigurationList section */
	};
	rootObject = BA5C920C1AF0265100AEBA91 /* Project object */;
}
